// !$*UTF8*$!
{
	archiveVersion = 1;
	classes = {
	};
	objectVersion = 48;
	objects = {

/* Begin PBXBuildFile section */
		040590B320022D460059A35C /* XqjIos.h in Headers */ = {isa = PBXBuildFile; fileRef = 040590B120022D460059A35C /* XqjIos.h */; settings = {ATTRIBUTES = (Public, ); }; };
		040590BA20022D680059A35C /* Config.swift in Sources */ = {isa = PBXBuildFile; fileRef = 040590B920022D680059A35C /* Config.swift */; };
		04EBB73020026B940028493F /* TixianLogIndexNetwork.swift in Sources */ = {isa = PBXBuildFile; fileRef = 04EBB70E20026B8E0028493F /* TixianLogIndexNetwork.swift */; };
		04EBB73120026B940028493F /* UserLogoutNetwork.swift in Sources */ = {isa = PBXBuildFile; fileRef = 04EBB70F20026B8F0028493F /* UserLogoutNetwork.swift */; };
		04EBB73220026B940028493F /* AssessDelNetwork.swift in Sources */ = {isa = PBXBuildFile; fileRef = 04EBB71020026B8F0028493F /* AssessDelNetwork.swift */; };
		04EBB73320026B940028493F /* TixianLogApplyNetwork.swift in Sources */ = {isa = PBXBuildFile; fileRef = 04EBB71120026B8F0028493F /* TixianLogApplyNetwork.swift */; };
		04EBB73420026B940028493F /* TixianLogGetListNetwork.swift in Sources */ = {isa = PBXBuildFile; fileRef = 04EBB71220026B8F0028493F /* TixianLogGetListNetwork.swift */; };
		04EBB73520026B940028493F /* UserCenterFansListNetwork.swift in Sources */ = {isa = PBXBuildFile; fileRef = 04EBB71320026B8F0028493F /* UserCenterFansListNetwork.swift */; };
		04EBB73620026B940028493F /* UserRegNetwork.swift in Sources */ = {isa = PBXBuildFile; fileRef = 04EBB71420026B8F0028493F /* UserRegNetwork.swift */; };
		04EBB73720026B940028493F /* AuthGetNetwork.swift in Sources */ = {isa = PBXBuildFile; fileRef = 04EBB71520026B8F0028493F /* AuthGetNetwork.swift */; };
		04EBB73820026B940028493F /* PayPayNetwork.swift in Sources */ = {isa = PBXBuildFile; fileRef = 04EBB71620026B8F0028493F /* PayPayNetwork.swift */; };
		04EBB73920026B940028493F /* MsgGetListNetwork.swift in Sources */ = {isa = PBXBuildFile; fileRef = 04EBB71720026B900028493F /* MsgGetListNetwork.swift */; };
		04EBB73A20026B940028493F /* OrdersTouziNetwork.swift in Sources */ = {isa = PBXBuildFile; fileRef = 04EBB71820026B900028493F /* OrdersTouziNetwork.swift */; };
		04EBB73B20026B940028493F /* AssessDetNetwork.swift in Sources */ = {isa = PBXBuildFile; fileRef = 04EBB71920026B900028493F /* AssessDetNetwork.swift */; };
		04EBB73C20026B940028493F /* OrdersGetListNetwork.swift in Sources */ = {isa = PBXBuildFile; fileRef = 04EBB71A20026B900028493F /* OrdersGetListNetwork.swift */; };
		04EBB73D20026B940028493F /* RealNameAuthApplyNetwork.swift in Sources */ = {isa = PBXBuildFile; fileRef = 04EBB71B20026B900028493F /* RealNameAuthApplyNetwork.swift */; };
		04EBB73E20026B940028493F /* ProductDetNetwork.swift in Sources */ = {isa = PBXBuildFile; fileRef = 04EBB71C20026B900028493F /* ProductDetNetwork.swift */; };
		04EBB73F20026B940028493F /* UserCenterProfileNetwork.swift in Sources */ = {isa = PBXBuildFile; fileRef = 04EBB71D20026B900028493F /* UserCenterProfileNetwork.swift */; };
		04EBB74020026B940028493F /* UserResetPswNetwork.swift in Sources */ = {isa = PBXBuildFile; fileRef = 04EBB71E20026B900028493F /* UserResetPswNetwork.swift */; };
		04EBB74120026B940028493F /* AssessGetListNetwork.swift in Sources */ = {isa = PBXBuildFile; fileRef = 04EBB71F20026B910028493F /* AssessGetListNetwork.swift */; };
		04EBB74220026B940028493F /* ProductGetListNetwork.swift in Sources */ = {isa = PBXBuildFile; fileRef = 04EBB72020026B910028493F /* ProductGetListNetwork.swift */; };
		04EBB74320026B940028493F /* Login in Resources */ = {isa = PBXBuildFile; fileRef = 04EBB72120026B910028493F /* Login */; };
		04EBB74420026B940028493F /* UserChkNetwork.swift in Sources */ = {isa = PBXBuildFile; fileRef = 04EBB72220026B910028493F /* UserChkNetwork.swift */; };
		04EBB74520026B940028493F /* AssessAssessNetwork.swift in Sources */ = {isa = PBXBuildFile; fileRef = 04EBB72320026B910028493F /* AssessAssessNetwork.swift */; };
		04EBB74620026B940028493F /* LoanOrderDetNetwork.swift in Sources */ = {isa = PBXBuildFile; fileRef = 04EBB72420026B910028493F /* LoanOrderDetNetwork.swift */; };
		04EBB74720026B940028493F /* UserFindpswNetwork.swift in Sources */ = {isa = PBXBuildFile; fileRef = 04EBB72520026B920028493F /* UserFindpswNetwork.swift */; };
		04EBB74820026B940028493F /* UserLoginNetwork.swift in Sources */ = {isa = PBXBuildFile; fileRef = 04EBB72620026B920028493F /* UserLoginNetwork.swift */; };
		04EBB74920026B940028493F /* SmsCodeSendNetwork.swift in Sources */ = {isa = PBXBuildFile; fileRef = 04EBB72720026B920028493F /* SmsCodeSendNetwork.swift */; };
		04EBB74A20026B940028493F /* IndexIndexNetwork.swift in Sources */ = {isa = PBXBuildFile; fileRef = 04EBB72820026B920028493F /* IndexIndexNetwork.swift */; };
		04EBB74B20026B940028493F /* BankCardAuthApplyNetwork.swift in Sources */ = {isa = PBXBuildFile; fileRef = 04EBB72920026B920028493F /* BankCardAuthApplyNetwork.swift */; };
		04EBB74C20026B940028493F /* LoanOrderGetListNetwork.swift in Sources */ = {isa = PBXBuildFile; fileRef = 04EBB72A20026B930028493F /* LoanOrderGetListNetwork.swift */; };
		04EBB74D20026B940028493F /* OrdersTouziConfirmNetwork.swift in Sources */ = {isa = PBXBuildFile; fileRef = 04EBB72B20026B930028493F /* OrdersTouziConfirmNetwork.swift */; };
		04EBB74E20026B940028493F /* OrdersDetNetwork.swift in Sources */ = {isa = PBXBuildFile; fileRef = 04EBB72C20026B930028493F /* OrdersDetNetwork.swift */; };
		04EBB74F20026B940028493F /* ProductGetRsCountNetwork.swift in Sources */ = {isa = PBXBuildFile; fileRef = 04EBB72D20026B930028493F /* ProductGetRsCountNetwork.swift */; };
		04EBB75020026B940028493F /* UserCenterIndexNetwork.swift in Sources */ = {isa = PBXBuildFile; fileRef = 04EBB72E20026B930028493F /* UserCenterIndexNetwork.swift */; };
		04EBB75120026B940028493F /* UserCenterResetProfileNetwork.swift in Sources */ = {isa = PBXBuildFile; fileRef = 04EBB72F20026B940028493F /* UserCenterResetProfileNetwork.swift */; };
/* End PBXBuildFile section */

/* Begin PBXFileReference section */
		040590AE20022D460059A35C /* XqjIos.framework */ = {isa = PBXFileReference; explicitFileType = wrapper.framework; includeInIndex = 0; path = XqjIos.framework; sourceTree = BUILT_PRODUCTS_DIR; };
		040590B120022D460059A35C /* XqjIos.h */ = {isa = PBXFileReference; lastKnownFileType = sourcecode.c.h; path = XqjIos.h; sourceTree = "<group>"; };
		040590B220022D460059A35C /* Info.plist */ = {isa = PBXFileReference; lastKnownFileType = text.plist.xml; path = Info.plist; sourceTree = "<group>"; };
		040590B920022D680059A35C /* Config.swift */ = {isa = PBXFileReference; lastKnownFileType = sourcecode.swift; path = Config.swift; sourceTree = "<group>"; };
		04EBB70E20026B8E0028493F /* TixianLogIndexNetwork.swift */ = {isa = PBXFileReference; fileEncoding = 4; lastKnownFileType = sourcecode.swift; path = TixianLogIndexNetwork.swift; sourceTree = "<group>"; };
		04EBB70F20026B8F0028493F /* UserLogoutNetwork.swift */ = {isa = PBXFileReference; fileEncoding = 4; lastKnownFileType = sourcecode.swift; path = UserLogoutNetwork.swift; sourceTree = "<group>"; };
		04EBB71020026B8F0028493F /* AssessDelNetwork.swift */ = {isa = PBXFileReference; fileEncoding = 4; lastKnownFileType = sourcecode.swift; path = AssessDelNetwork.swift; sourceTree = "<group>"; };
		04EBB71120026B8F0028493F /* TixianLogApplyNetwork.swift */ = {isa = PBXFileReference; fileEncoding = 4; lastKnownFileType = sourcecode.swift; path = TixianLogApplyNetwork.swift; sourceTree = "<group>"; };
		04EBB71220026B8F0028493F /* TixianLogGetListNetwork.swift */ = {isa = PBXFileReference; fileEncoding = 4; lastKnownFileType = sourcecode.swift; path = TixianLogGetListNetwork.swift; sourceTree = "<group>"; };
		04EBB71320026B8F0028493F /* UserCenterFansListNetwork.swift */ = {isa = PBXFileReference; fileEncoding = 4; lastKnownFileType = sourcecode.swift; path = UserCenterFansListNetwork.swift; sourceTree = "<group>"; };
		04EBB71420026B8F0028493F /* UserRegNetwork.swift */ = {isa = PBXFileReference; fileEncoding = 4; lastKnownFileType = sourcecode.swift; path = UserRegNetwork.swift; sourceTree = "<group>"; };
		04EBB71520026B8F0028493F /* AuthGetNetwork.swift */ = {isa = PBXFileReference; fileEncoding = 4; lastKnownFileType = sourcecode.swift; path = AuthGetNetwork.swift; sourceTree = "<group>"; };
		04EBB71620026B8F0028493F /* PayPayNetwork.swift */ = {isa = PBXFileReference; fileEncoding = 4; lastKnownFileType = sourcecode.swift; path = PayPayNetwork.swift; sourceTree = "<group>"; };
		04EBB71720026B900028493F /* MsgGetListNetwork.swift */ = {isa = PBXFileReference; fileEncoding = 4; lastKnownFileType = sourcecode.swift; path = MsgGetListNetwork.swift; sourceTree = "<group>"; };
		04EBB71820026B900028493F /* OrdersTouziNetwork.swift */ = {isa = PBXFileReference; fileEncoding = 4; lastKnownFileType = sourcecode.swift; path = OrdersTouziNetwork.swift; sourceTree = "<group>"; };
		04EBB71920026B900028493F /* AssessDetNetwork.swift */ = {isa = PBXFileReference; fileEncoding = 4; lastKnownFileType = sourcecode.swift; path = AssessDetNetwork.swift; sourceTree = "<group>"; };
		04EBB71A20026B900028493F /* OrdersGetListNetwork.swift */ = {isa = PBXFileReference; fileEncoding = 4; lastKnownFileType = sourcecode.swift; path = OrdersGetListNetwork.swift; sourceTree = "<group>"; };
		04EBB71B20026B900028493F /* RealNameAuthApplyNetwork.swift */ = {isa = PBXFileReference; fileEncoding = 4; lastKnownFileType = sourcecode.swift; path = RealNameAuthApplyNetwork.swift; sourceTree = "<group>"; };
		04EBB71C20026B900028493F /* ProductDetNetwork.swift */ = {isa = PBXFileReference; fileEncoding = 4; lastKnownFileType = sourcecode.swift; path = ProductDetNetwork.swift; sourceTree = "<group>"; };
		04EBB71D20026B900028493F /* UserCenterProfileNetwork.swift */ = {isa = PBXFileReference; fileEncoding = 4; lastKnownFileType = sourcecode.swift; path = UserCenterProfileNetwork.swift; sourceTree = "<group>"; };
		04EBB71E20026B900028493F /* UserResetPswNetwork.swift */ = {isa = PBXFileReference; fileEncoding = 4; lastKnownFileType = sourcecode.swift; path = UserResetPswNetwork.swift; sourceTree = "<group>"; };
		04EBB71F20026B910028493F /* AssessGetListNetwork.swift */ = {isa = PBXFileReference; fileEncoding = 4; lastKnownFileType = sourcecode.swift; path = AssessGetListNetwork.swift; sourceTree = "<group>"; };
		04EBB72020026B910028493F /* ProductGetListNetwork.swift */ = {isa = PBXFileReference; fileEncoding = 4; lastKnownFileType = sourcecode.swift; path = ProductGetListNetwork.swift; sourceTree = "<group>"; };
		04EBB72120026B910028493F /* Login */ = {isa = PBXFileReference; fileEncoding = 4; lastKnownFileType = text; path = Login; sourceTree = "<group>"; };
		04EBB72220026B910028493F /* UserChkNetwork.swift */ = {isa = PBXFileReference; fileEncoding = 4; lastKnownFileType = sourcecode.swift; path = UserChkNetwork.swift; sourceTree = "<group>"; };
		04EBB72320026B910028493F /* AssessAssessNetwork.swift */ = {isa = PBXFileReference; fileEncoding = 4; lastKnownFileType = sourcecode.swift; path = AssessAssessNetwork.swift; sourceTree = "<group>"; };
		04EBB72420026B910028493F /* LoanOrderDetNetwork.swift */ = {isa = PBXFileReference; fileEncoding = 4; lastKnownFileType = sourcecode.swift; path = LoanOrderDetNetwork.swift; sourceTree = "<group>"; };
		04EBB72520026B920028493F /* UserFindpswNetwork.swift */ = {isa = PBXFileReference; fileEncoding = 4; lastKnownFileType = sourcecode.swift; path = UserFindpswNetwork.swift; sourceTree = "<group>"; };
		04EBB72620026B920028493F /* UserLoginNetwork.swift */ = {isa = PBXFileReference; fileEncoding = 4; lastKnownFileType = sourcecode.swift; path = UserLoginNetwork.swift; sourceTree = "<group>"; };
		04EBB72720026B920028493F /* SmsCodeSendNetwork.swift */ = {isa = PBXFileReference; fileEncoding = 4; lastKnownFileType = sourcecode.swift; path = SmsCodeSendNetwork.swift; sourceTree = "<group>"; };
		04EBB72820026B920028493F /* IndexIndexNetwork.swift */ = {isa = PBXFileReference; fileEncoding = 4; lastKnownFileType = sourcecode.swift; path = IndexIndexNetwork.swift; sourceTree = "<group>"; };
		04EBB72920026B920028493F /* BankCardAuthApplyNetwork.swift */ = {isa = PBXFileReference; fileEncoding = 4; lastKnownFileType = sourcecode.swift; path = BankCardAuthApplyNetwork.swift; sourceTree = "<group>"; };
		04EBB72A20026B930028493F /* LoanOrderGetListNetwork.swift */ = {isa = PBXFileReference; fileEncoding = 4; lastKnownFileType = sourcecode.swift; path = LoanOrderGetListNetwork.swift; sourceTree = "<group>"; };
		04EBB72B20026B930028493F /* OrdersTouziConfirmNetwork.swift */ = {isa = PBXFileReference; fileEncoding = 4; lastKnownFileType = sourcecode.swift; path = OrdersTouziConfirmNetwork.swift; sourceTree = "<group>"; };
		04EBB72C20026B930028493F /* OrdersDetNetwork.swift */ = {isa = PBXFileReference; fileEncoding = 4; lastKnownFileType = sourcecode.swift; path = OrdersDetNetwork.swift; sourceTree = "<group>"; };
		04EBB72D20026B930028493F /* ProductGetRsCountNetwork.swift */ = {isa = PBXFileReference; fileEncoding = 4; lastKnownFileType = sourcecode.swift; path = ProductGetRsCountNetwork.swift; sourceTree = "<group>"; };
		04EBB72E20026B930028493F /* UserCenterIndexNetwork.swift */ = {isa = PBXFileReference; fileEncoding = 4; lastKnownFileType = sourcecode.swift; path = UserCenterIndexNetwork.swift; sourceTree = "<group>"; };
		04EBB72F20026B940028493F /* UserCenterResetProfileNetwork.swift */ = {isa = PBXFileReference; fileEncoding = 4; lastKnownFileType = sourcecode.swift; path = UserCenterResetProfileNetwork.swift; sourceTree = "<group>"; };
/* End PBXFileReference section */

/* Begin PBXFrameworksBuildPhase section */
		040590AA20022D460059A35C /* Frameworks */ = {
			isa = PBXFrameworksBuildPhase;
			buildActionMask = 2147483647;
			files = (
			);
			runOnlyForDeploymentPostprocessing = 0;
		};
/* End PBXFrameworksBuildPhase section */

/* Begin PBXGroup section */
		040590A420022D460059A35C = {
			isa = PBXGroup;
			children = (
				040590B020022D460059A35C /* XqjIos */,
				040590AF20022D460059A35C /* Products */,
			);
			sourceTree = "<group>";
		};
		040590AF20022D460059A35C /* Products */ = {
			isa = PBXGroup;
			children = (
				040590AE20022D460059A35C /* XqjIos.framework */,
			);
			name = Products;
			sourceTree = "<group>";
		};
		040590B020022D460059A35C /* XqjIos */ = {
			isa = PBXGroup;
			children = (
				04EBB72320026B910028493F /* AssessAssessNetwork.swift */,
				04EBB71020026B8F0028493F /* AssessDelNetwork.swift */,
				04EBB71920026B900028493F /* AssessDetNetwork.swift */,
				04EBB71F20026B910028493F /* AssessGetListNetwork.swift */,
				04EBB71520026B8F0028493F /* AuthGetNetwork.swift */,
				04EBB72920026B920028493F /* BankCardAuthApplyNetwork.swift */,
				04EBB72820026B920028493F /* IndexIndexNetwork.swift */,
				04EBB72420026B910028493F /* LoanOrderDetNetwork.swift */,
				04EBB72A20026B930028493F /* LoanOrderGetListNetwork.swift */,
				04EBB72120026B910028493F /* Login */,
				04EBB71720026B900028493F /* MsgGetListNetwork.swift */,
				04EBB72C20026B930028493F /* OrdersDetNetwork.swift */,
				04EBB71A20026B900028493F /* OrdersGetListNetwork.swift */,
				04EBB72B20026B930028493F /* OrdersTouziConfirmNetwork.swift */,
				04EBB71820026B900028493F /* OrdersTouziNetwork.swift */,
				04EBB71620026B8F0028493F /* PayPayNetwork.swift */,
				04EBB71C20026B900028493F /* ProductDetNetwork.swift */,
				04EBB72020026B910028493F /* ProductGetListNetwork.swift */,
				04EBB72D20026B930028493F /* ProductGetRsCountNetwork.swift */,
				04EBB71B20026B900028493F /* RealNameAuthApplyNetwork.swift */,
				04EBB72720026B920028493F /* SmsCodeSendNetwork.swift */,
				04EBB71120026B8F0028493F /* TixianLogApplyNetwork.swift */,
				04EBB71220026B8F0028493F /* TixianLogGetListNetwork.swift */,
				04EBB70E20026B8E0028493F /* TixianLogIndexNetwork.swift */,
				04EBB71320026B8F0028493F /* UserCenterFansListNetwork.swift */,
				04EBB72E20026B930028493F /* UserCenterIndexNetwork.swift */,
				04EBB71D20026B900028493F /* UserCenterProfileNetwork.swift */,
				04EBB72F20026B940028493F /* UserCenterResetProfileNetwork.swift */,
				04EBB72220026B910028493F /* UserChkNetwork.swift */,
				04EBB72520026B920028493F /* UserFindpswNetwork.swift */,
				04EBB72620026B920028493F /* UserLoginNetwork.swift */,
				04EBB70F20026B8F0028493F /* UserLogoutNetwork.swift */,
				04EBB71420026B8F0028493F /* UserRegNetwork.swift */,
				04EBB71E20026B900028493F /* UserResetPswNetwork.swift */,
				040590B120022D460059A35C /* XqjIos.h */,
				040590B220022D460059A35C /* Info.plist */,
				040590B920022D680059A35C /* Config.swift */,
			);
			path = XqjIos;
			sourceTree = "<group>";
		};
/* End PBXGroup section */

/* Begin PBXHeadersBuildPhase section */
		040590AB20022D460059A35C /* Headers */ = {
			isa = PBXHeadersBuildPhase;
			buildActionMask = 2147483647;
			files = (
				040590B320022D460059A35C /* XqjIos.h in Headers */,
			);
			runOnlyForDeploymentPostprocessing = 0;
		};
/* End PBXHeadersBuildPhase section */

/* Begin PBXNativeTarget section */
		040590AD20022D460059A35C /* XqjIos */ = {
			isa = PBXNativeTarget;
			buildConfigurationList = 040590B620022D460059A35C /* Build configuration list for PBXNativeTarget "XqjIos" */;
			buildPhases = (
				040590A920022D460059A35C /* Sources */,
				040590AA20022D460059A35C /* Frameworks */,
				040590AB20022D460059A35C /* Headers */,
				040590AC20022D460059A35C /* Resources */,
			);
			buildRules = (
			);
			dependencies = (
			);
			name = XqjIos;
			productName = XqjIos;
			productReference = 040590AE20022D460059A35C /* XqjIos.framework */;
			productType = "com.apple.product-type.framework";
		};
/* End PBXNativeTarget section */

/* Begin PBXProject section */
		040590A520022D460059A35C /* Project object */ = {
			isa = PBXProject;
			attributes = {
				LastUpgradeCheck = 0910;
				ORGANIZATIONNAME = boois;
				TargetAttributes = {
					040590AD20022D460059A35C = {
						CreatedOnToolsVersion = 9.1;
						LastSwiftMigration = 0910;
						ProvisioningStyle = Automatic;
					};
				};
			};
			buildConfigurationList = 040590A820022D460059A35C /* Build configuration list for PBXProject "XqjIos" */;
			compatibilityVersion = "Xcode 8.0";
			developmentRegion = en;
			hasScannedForEncodings = 0;
			knownRegions = (
				en,
			);
			mainGroup = 040590A420022D460059A35C;
			productRefGroup = 040590AF20022D460059A35C /* Products */;
			projectDirPath = "";
			projectRoot = "";
			targets = (
				040590AD20022D460059A35C /* XqjIos */,
			);
		};
/* End PBXProject section */

/* Begin PBXResourcesBuildPhase section */
		040590AC20022D460059A35C /* Resources */ = {
			isa = PBXResourcesBuildPhase;
			buildActionMask = 2147483647;
			files = (
				04EBB74320026B940028493F /* Login in Resources */,
			);
			runOnlyForDeploymentPostprocessing = 0;
		};
/* End PBXResourcesBuildPhase section */

/* Begin PBXSourcesBuildPhase section */
		040590A920022D460059A35C /* Sources */ = {
			isa = PBXSourcesBuildPhase;
			buildActionMask = 2147483647;
			files = (
				04EBB73C20026B940028493F /* OrdersGetListNetwork.swift in Sources */,
				04EBB73720026B940028493F /* AuthGetNetwork.swift in Sources */,
				04EBB74D20026B940028493F /* OrdersTouziConfirmNetwork.swift in Sources */,
				04EBB74520026B940028493F /* AssessAssessNetwork.swift in Sources */,
				04EBB75120026B940028493F /* UserCenterResetProfileNetwork.swift in Sources */,
				04EBB75020026B940028493F /* UserCenterIndexNetwork.swift in Sources */,
				04EBB73120026B940028493F /* UserLogoutNetwork.swift in Sources */,
				04EBB74A20026B940028493F /* IndexIndexNetwork.swift in Sources */,
				04EBB74B20026B940028493F /* BankCardAuthApplyNetwork.swift in Sources */,
				04EBB73B20026B940028493F /* AssessDetNetwork.swift in Sources */,
				04EBB73820026B940028493F /* PayPayNetwork.swift in Sources */,
				04EBB73A20026B940028493F /* OrdersTouziNetwork.swift in Sources */,
				04EBB74820026B940028493F /* UserLoginNetwork.swift in Sources */,
				04EBB74620026B940028493F /* LoanOrderDetNetwork.swift in Sources */,
				04EBB74E20026B940028493F /* OrdersDetNetwork.swift in Sources */,
				04EBB73F20026B940028493F /* UserCenterProfileNetwork.swift in Sources */,
				04EBB73920026B940028493F /* MsgGetListNetwork.swift in Sources */,
				04EBB74420026B940028493F /* UserChkNetwork.swift in Sources */,
				04EBB73320026B940028493F /* TixianLogApplyNetwork.swift in Sources */,
				040590BA20022D680059A35C /* Config.swift in Sources */,
				04EBB74F20026B940028493F /* ProductGetRsCountNetwork.swift in Sources */,
				04EBB74020026B940028493F /* UserResetPswNetwork.swift in Sources */,
				04EBB73420026B940028493F /* TixianLogGetListNetwork.swift in Sources */,
				04EBB74C20026B940028493F /* LoanOrderGetListNetwork.swift in Sources */,
				04EBB74720026B940028493F /* UserFindpswNetwork.swift in Sources */,
				04EBB73E20026B940028493F /* ProductDetNetwork.swift in Sources */,
				04EBB73D20026B940028493F /* RealNameAuthApplyNetwork.swift in Sources */,
				04EBB73520026B940028493F /* UserCenterFansListNetwork.swift in Sources */,
				04EBB73220026B940028493F /* AssessDelNetwork.swift in Sources */,
				04EBB74120026B940028493F /* AssessGetListNetwork.swift in Sources */,
				04EBB74220026B940028493F /* ProductGetListNetwork.swift in Sources */,
				04EBB74920026B940028493F /* SmsCodeSendNetwork.swift in Sources */,
				04EBB73620026B940028493F /* UserRegNetwork.swift in Sources */,
				04EBB73020026B940028493F /* TixianLogIndexNetwork.swift in Sources */,
			);
			runOnlyForDeploymentPostprocessing = 0;
		};
/* End PBXSourcesBuildPhase section */

/* Begin XCBuildConfiguration section */
		040590B420022D460059A35C /* Debug */ = {
			isa = XCBuildConfiguration;
			buildSettings = {
				ALWAYS_SEARCH_USER_PATHS = NO;
				CLANG_ANALYZER_NONNULL = YES;
				CLANG_ANALYZER_NUMBER_OBJECT_CONVERSION = YES_AGGRESSIVE;
				CLANG_CXX_LANGUAGE_STANDARD = "gnu++14";
				CLANG_CXX_LIBRARY = "libc++";
				CLANG_ENABLE_MODULES = YES;
				CLANG_ENABLE_OBJC_ARC = YES;
				CLANG_WARN_BLOCK_CAPTURE_AUTORELEASING = YES;
				CLANG_WARN_BOOL_CONVERSION = YES;
				CLANG_WARN_COMMA = YES;
				CLANG_WARN_CONSTANT_CONVERSION = YES;
				CLANG_WARN_DIRECT_OBJC_ISA_USAGE = YES_ERROR;
				CLANG_WARN_DOCUMENTATION_COMMENTS = YES;
				CLANG_WARN_EMPTY_BODY = YES;
				CLANG_WARN_ENUM_CONVERSION = YES;
				CLANG_WARN_INFINITE_RECURSION = YES;
				CLANG_WARN_INT_CONVERSION = YES;
				CLANG_WARN_NON_LITERAL_NULL_CONVERSION = YES;
				CLANG_WARN_OBJC_LITERAL_CONVERSION = YES;
				CLANG_WARN_OBJC_ROOT_CLASS = YES_ERROR;
				CLANG_WARN_RANGE_LOOP_ANALYSIS = YES;
				CLANG_WARN_STRICT_PROTOTYPES = YES;
				CLANG_WARN_SUSPICIOUS_MOVE = YES;
				CLANG_WARN_UNGUARDED_AVAILABILITY = YES_AGGRESSIVE;
				CLANG_WARN_UNREACHABLE_CODE = YES;
				CLANG_WARN__DUPLICATE_METHOD_MATCH = YES;
				CODE_SIGN_IDENTITY = "iPhone Developer";
				COPY_PHASE_STRIP = NO;
				CURRENT_PROJECT_VERSION = 1;
				DEBUG_INFORMATION_FORMAT = dwarf;
				ENABLE_STRICT_OBJC_MSGSEND = YES;
				ENABLE_TESTABILITY = YES;
				GCC_C_LANGUAGE_STANDARD = gnu11;
				GCC_DYNAMIC_NO_PIC = NO;
				GCC_NO_COMMON_BLOCKS = YES;
				GCC_OPTIMIZATION_LEVEL = 0;
				GCC_PREPROCESSOR_DEFINITIONS = (
					"DEBUG=1",
					"$(inherited)",
				);
				GCC_WARN_64_TO_32_BIT_CONVERSION = YES;
				GCC_WARN_ABOUT_RETURN_TYPE = YES_ERROR;
				GCC_WARN_UNDECLARED_SELECTOR = YES;
				GCC_WARN_UNINITIALIZED_AUTOS = YES_AGGRESSIVE;
				GCC_WARN_UNUSED_FUNCTION = YES;
				GCC_WARN_UNUSED_VARIABLE = YES;
				IPHONEOS_DEPLOYMENT_TARGET = 11.1;
				MTL_ENABLE_DEBUG_INFO = YES;
				ONLY_ACTIVE_ARCH = YES;
				SDKROOT = iphoneos;
				SWIFT_ACTIVE_COMPILATION_CONDITIONS = DEBUG;
				SWIFT_OPTIMIZATION_LEVEL = "-Onone";
				VERSIONING_SYSTEM = "apple-generic";
				VERSION_INFO_PREFIX = "";
			};
			name = Debug;
		};
		040590B520022D460059A35C /* Release */ = {
			isa = XCBuildConfiguration;
			buildSettings = {
				ALWAYS_SEARCH_USER_PATHS = NO;
				CLANG_ANALYZER_NONNULL = YES;
				CLANG_ANALYZER_NUMBER_OBJECT_CONVERSION = YES_AGGRESSIVE;
				CLANG_CXX_LANGUAGE_STANDARD = "gnu++14";
				CLANG_CXX_LIBRARY = "libc++";
				CLANG_ENABLE_MODULES = YES;
				CLANG_ENABLE_OBJC_ARC = YES;
				CLANG_WARN_BLOCK_CAPTURE_AUTORELEASING = YES;
				CLANG_WARN_BOOL_CONVERSION = YES;
				CLANG_WARN_COMMA = YES;
				CLANG_WARN_CONSTANT_CONVERSION = YES;
				CLANG_WARN_DIRECT_OBJC_ISA_USAGE = YES_ERROR;
				CLANG_WARN_DOCUMENTATION_COMMENTS = YES;
				CLANG_WARN_EMPTY_BODY = YES;
				CLANG_WARN_ENUM_CONVERSION = YES;
				CLANG_WARN_INFINITE_RECURSION = YES;
				CLANG_WARN_INT_CONVERSION = YES;
				CLANG_WARN_NON_LITERAL_NULL_CONVERSION = YES;
				CLANG_WARN_OBJC_LITERAL_CONVERSION = YES;
				CLANG_WARN_OBJC_ROOT_CLASS = YES_ERROR;
				CLANG_WARN_RANGE_LOOP_ANALYSIS = YES;
				CLANG_WARN_STRICT_PROTOTYPES = YES;
				CLANG_WARN_SUSPICIOUS_MOVE = YES;
				CLANG_WARN_UNGUARDED_AVAILABILITY = YES_AGGRESSIVE;
				CLANG_WARN_UNREACHABLE_CODE = YES;
				CLANG_WARN__DUPLICATE_METHOD_MATCH = YES;
				CODE_SIGN_IDENTITY = "iPhone Developer";
				COPY_PHASE_STRIP = NO;
				CURRENT_PROJECT_VERSION = 1;
				DEBUG_INFORMATION_FORMAT = "dwarf-with-dsym";
				ENABLE_NS_ASSERTIONS = NO;
				ENABLE_STRICT_OBJC_MSGSEND = YES;
				GCC_C_LANGUAGE_STANDARD = gnu11;
				GCC_NO_COMMON_BLOCKS = YES;
				GCC_WARN_64_TO_32_BIT_CONVERSION = YES;
				GCC_WARN_ABOUT_RETURN_TYPE = YES_ERROR;
				GCC_WARN_UNDECLARED_SELECTOR = YES;
				GCC_WARN_UNINITIALIZED_AUTOS = YES_AGGRESSIVE;
				GCC_WARN_UNUSED_FUNCTION = YES;
				GCC_WARN_UNUSED_VARIABLE = YES;
				IPHONEOS_DEPLOYMENT_TARGET = 11.1;
				MTL_ENABLE_DEBUG_INFO = NO;
				SDKROOT = iphoneos;
				SWIFT_OPTIMIZATION_LEVEL = "-Owholemodule";
				VALIDATE_PRODUCT = YES;
				VERSIONING_SYSTEM = "apple-generic";
				VERSION_INFO_PREFIX = "";
			};
			name = Release;
		};
		040590B720022D460059A35C /* Debug */ = {
			isa = XCBuildConfiguration;
			buildSettings = {
				CLANG_ENABLE_MODULES = YES;
				CODE_SIGN_IDENTITY = "";
				CODE_SIGN_STYLE = Automatic;
				DEFINES_MODULE = YES;
				DEVELOPMENT_TEAM = WH7BT3Q56S;
				DYLIB_COMPATIBILITY_VERSION = 1;
				DYLIB_CURRENT_VERSION = 1;
				DYLIB_INSTALL_NAME_BASE = "@rpath";
				INFOPLIST_FILE = XqjIos/Info.plist;
				INSTALL_PATH = "$(LOCAL_LIBRARY_DIR)/Frameworks";
				LD_RUNPATH_SEARCH_PATHS = "$(inherited) @executable_path/Frameworks @loader_path/Frameworks";
				PRODUCT_BUNDLE_IDENTIFIER = xiangqianjin.XqjIos;
				PRODUCT_NAME = "$(TARGET_NAME:c99extidentifier)";
				SKIP_INSTALL = YES;
				SWIFT_OPTIMIZATION_LEVEL = "-Onone";
				SWIFT_VERSION = 4.0;
				TARGETED_DEVICE_FAMILY = "1,2";
			};
			name = Debug;
		};
		040590B820022D460059A35C /* Release */ = {
			isa = XCBuildConfiguration;
			buildSettings = {
				CLANG_ENABLE_MODULES = YES;
				CODE_SIGN_IDENTITY = "";
				CODE_SIGN_STYLE = Automatic;
				DEFINES_MODULE = YES;
				DEVELOPMENT_TEAM = WH7BT3Q56S;
				DYLIB_COMPATIBILITY_VERSION = 1;
				DYLIB_CURRENT_VERSION = 1;
				DYLIB_INSTALL_NAME_BASE = "@rpath";
				INFOPLIST_FILE = XqjIos/Info.plist;
				INSTALL_PATH = "$(LOCAL_LIBRARY_DIR)/Frameworks";
				LD_RUNPATH_SEARCH_PATHS = "$(inherited) @executable_path/Frameworks @loader_path/Frameworks";
				PRODUCT_BUNDLE_IDENTIFIER = xiangqianjin.XqjIos;
				PRODUCT_NAME = "$(TARGET_NAME:c99extidentifier)";
				SKIP_INSTALL = YES;
				SWIFT_VERSION = 4.0;
				TARGETED_DEVICE_FAMILY = "1,2";
			};
			name = Release;
		};
/* End XCBuildConfiguration section */

/* Begin XCConfigurationList section */
		040590A820022D460059A35C /* Build configuration list for PBXProject "XqjIos" */ = {
			isa = XCConfigurationList;
			buildConfigurations = (
				040590B420022D460059A35C /* Debug */,
				040590B520022D460059A35C /* Release */,
			);
			defaultConfigurationIsVisible = 0;
			defaultConfigurationName = Release;
		};
		040590B620022D460059A35C /* Build configuration list for PBXNativeTarget "XqjIos" */ = {
			isa = XCConfigurationList;
			buildConfigurations = (
				040590B720022D460059A35C /* Debug */,
				040590B820022D460059A35C /* Release */,
			);
			defaultConfigurationIsVisible = 0;
			defaultConfigurationName = Release;
		};
/* End XCConfigurationList section */
	};
	rootObject = 040590A520022D460059A35C /* Project object */;
}
